# This file was autogenerated by Stack.
# You should not edit this file by hand.
# For more information, please see the documentation at:
#   https://docs.haskellstack.org/en/stable/lock_files

packages:
- completed:
    size: 31418
    url: https://github.com/QuietJoon/text-trie/archive/c6a4be208c112344b6fab2872f2efc222234c557.tar.gz
    name: text-trie
    version: 0.2.5.0
    sha256: 5b982c7857af736a07ad5b73281ac3d054874c78f32e343b5c0fb9a7428a6e34
    pantry-tree:
      size: 1560
      sha256: 01c5fd3f12aaf0626bd12439fff6a5caca9c2879b37264bdabf8da187a4fb9b6
  original:
    url: https://github.com/QuietJoon/text-trie/archive/c6a4be208c112344b6fab2872f2efc222234c557.tar.gz
snapshots:
- completed:
    size: 532380
    url: https://raw.githubusercontent.com/commercialhaskell/stackage-snapshots/master/lts/16/16.yaml
    sha256: d6b004b095fe2a0b8b14fbc30014ee97e58843b9c9362ddb9244273dda62649e
  original: lts-16.16
